
Microsoft Visual Studio Solution File, Format Version 12.00
# Visual Studio Version 16
VisualStudioVersion = 16.0.30204.135
MinimumVisualStudioVersion = 10.0.40219.1
Project("{9A19103F-16F7-4668-BE54-9A1E7A4F7556}") = "MzidToTsvConverter", "MzidToTsvConverter\MzidToTsvConverter.csproj", "{5A71C439-87FA-4B0A-AF71-8C4540768FB6}"
EndProject
Project("{FAE04EC0-301F-11D3-BF4B-00C04F79EFBC}") = "ConverterUnitTests", "ConverterUnitTests\ConverterUnitTests.csproj", "{EC647C65-B5AB-4F15-A189-FBBA717556CD}"
EndProject
Global
	GlobalSection(SolutionConfigurationPlatforms) = preSolution
		Debug|Any CPU = Debug|Any CPU
		Release|Any CPU = Release|Any CPU
	EndGlobalSection
	GlobalSection(ProjectConfigurationPlatforms) = postSolution
		{5A71C439-87FA-4B0A-AF71-8C4540768FB6}.Debug|Any CPU.ActiveCfg = Debug|Any CPU
		{5A71C439-87FA-4B0A-AF71-8C4540768FB6}.Debug|Any CPU.Build.0 = Debug|Any CPU
		{5A71C439-87FA-4B0A-AF71-8C4540768FB6}.Release|Any CPU.ActiveCfg = Release|Any CPU
		{5A71C439-87FA-4B0A-AF71-8C4540768FB6}.Release|Any CPU.Build.0 = Release|Any CPU
		{EC647C65-B5AB-4F15-A189-FBBA717556CD}.Debug|Any CPU.ActiveCfg = Debug|Any CPU
		{EC647C65-B5AB-4F15-A189-FBBA717556CD}.Debug|Any CPU.Build.0 = Debug|Any CPU
		{EC647C65-B5AB-4F15-A189-FBBA717556CD}.Release|Any CPU.ActiveCfg = Release|Any CPU
		{EC647C65-B5AB-4F15-A189-FBBA717556CD}.Release|Any CPU.Build.0 = Release|Any CPU
	EndGlobalSection
	GlobalSection(SolutionProperties) = preSolution
		HideSolutionNode = FALSE
	EndGlobalSection
	GlobalSection(ExtensibilityGlobals) = postSolution
		SolutionGuid = {9B32AB64-833F-48AA-9B7E-133ECEB579A7}
	EndGlobalSection
EndGlobal
